
Microsoft Visual Studio Solution File, Format Version 12.00
# Visual Studio Version 17
VisualStudioVersion = 17.2.32616.157
MinimumVisualStudioVersion = 10.0.40219.1
Project("{9A19103F-16F7-4668-BE54-9A1E7A4F7556}") = "Entities", "Entities\Entities.csproj", "{E37DF3BE-5B89-46B4-BDDB-9A7EE87791CA}"
EndProject
Project("{9A19103F-16F7-4668-BE54-9A1E7A4F7556}") = "Business", "Business\Business.csproj", "{4D311824-B15D-46BB-AE23-58965EFE9C63}"
EndProject
Project("{9A19103F-16F7-4668-BE54-9A1E7A4F7556}") = "DataAccess", "DataAccess\DataAccess.csproj", "{628B063D-20CF-47FF-8797-D851F25DD2CB}"
EndProject
Project("{9A19103F-16F7-4668-BE54-9A1E7A4F7556}") = "ConsoleUI", "ConsoleUI\ConsoleUI.csproj", "{6A18A86C-56A9-4484-884A-5E1AE193C3F4}"
EndProject
Project("{FAE04EC0-301F-11D3-BF4B-00C04F79EFBC}") = "Core", "Core\Core.csproj", "{A111CB5F-9858-4C66-BC53-016A429D9B21}"
EndProject
Global
	GlobalSection(SolutionConfigurationPlatforms) = preSolution
		Debug|Any CPU = Debug|Any CPU
		Release|Any CPU = Release|Any CPU
	EndGlobalSection
	GlobalSection(ProjectConfigurationPlatforms) = postSolution
		{E37DF3BE-5B89-46B4-BDDB-9A7EE87791CA}.Debug|Any CPU.ActiveCfg = Debug|Any CPU
		{E37DF3BE-5B89-46B4-BDDB-9A7EE87791CA}.Debug|Any CPU.Build.0 = Debug|Any CPU
		{E37DF3BE-5B89-46B4-BDDB-9A7EE87791CA}.Release|Any CPU.ActiveCfg = Release|Any CPU
		{E37DF3BE-5B89-46B4-BDDB-9A7EE87791CA}.Release|Any CPU.Build.0 = Release|Any CPU
		{4D311824-B15D-46BB-AE23-58965EFE9C63}.Debug|Any CPU.ActiveCfg = Debug|Any CPU
		{4D311824-B15D-46BB-AE23-58965EFE9C63}.Debug|Any CPU.Build.0 = Debug|Any CPU
		{4D311824-B15D-46BB-AE23-58965EFE9C63}.Release|Any CPU.ActiveCfg = Release|Any CPU
		{4D311824-B15D-46BB-AE23-58965EFE9C63}.Release|Any CPU.Build.0 = Release|Any CPU
		{628B063D-20CF-47FF-8797-D851F25DD2CB}.Debug|Any CPU.ActiveCfg = Debug|Any CPU
		{628B063D-20CF-47FF-8797-D851F25DD2CB}.Debug|Any CPU.Build.0 = Debug|Any CPU
		{628B063D-20CF-47FF-8797-D851F25DD2CB}.Release|Any CPU.ActiveCfg = Release|Any CPU
		{628B063D-20CF-47FF-8797-D851F25DD2CB}.Release|Any CPU.Build.0 = Release|Any CPU
		{6A18A86C-56A9-4484-884A-5E1AE193C3F4}.Debug|Any CPU.ActiveCfg = Debug|Any CPU
		{6A18A86C-56A9-4484-884A-5E1AE193C3F4}.Debug|Any CPU.Build.0 = Debug|Any CPU
		{6A18A86C-56A9-4484-884A-5E1AE193C3F4}.Release|Any CPU.ActiveCfg = Release|Any CPU
		{6A18A86C-56A9-4484-884A-5E1AE193C3F4}.Release|Any CPU.Build.0 = Release|Any CPU
		{A111CB5F-9858-4C66-BC53-016A429D9B21}.Debug|Any CPU.ActiveCfg = Debug|Any CPU
		{A111CB5F-9858-4C66-BC53-016A429D9B21}.Debug|Any CPU.Build.0 = Debug|Any CPU
		{A111CB5F-9858-4C66-BC53-016A429D9B21}.Release|Any CPU.ActiveCfg = Release|Any CPU
		{A111CB5F-9858-4C66-BC53-016A429D9B21}.Release|Any CPU.Build.0 = Release|Any CPU
	EndGlobalSection
	GlobalSection(SolutionProperties) = preSolution
		HideSolutionNode = FALSE
	EndGlobalSection
	GlobalSection(ExtensibilityGlobals) = postSolution
		SolutionGuid = {95F58F6B-DCD2-4BC8-BC89-CC7F60EE8FEE}
	EndGlobalSection
EndGlobal
